
Microsoft Visual Studio Solution File, Format Version 12.00
# Visual Studio 14
VisualStudioVersion = 14.0.25420.1
MinimumVisualStudioVersion = 10.0.40219.1
Project("{8BB2217D-0F2D-49D1-97BC-3654ED321F3B}") = "AsyncIO", "AsyncIO\AsyncIO.xproj", "{608B1BD2-EE0B-459A-9666-FC7C3B77B807}"
EndProject
Project("{8BB2217D-0F2D-49D1-97BC-3654ED321F3B}") = "AsyncIO.Tests", "AsyncIO.Tests\AsyncIO.Tests.xproj", "{FEDF2D2C-BAB2-4C44-8D9A-A5F2E585A5DC}"
EndProject
Project("{2150E333-8FDC-42A3-9474-1A3956D46DE8}") = "Solution Items", "Solution Items", "{DEE33CD2-EF0D-4054-AA7C-3C5A0D6ABD90}"
	ProjectSection(SolutionItems) = preProject
		..\.travis.yml = ..\.travis.yml
	EndProjectSection
EndProject
Global
	GlobalSection(SolutionConfigurationPlatforms) = preSolution
		Debug|Any CPU = Debug|Any CPU
		Release|Any CPU = Release|Any CPU
	EndGlobalSection
	GlobalSection(ProjectConfigurationPlatforms) = postSolution
		{608B1BD2-EE0B-459A-9666-FC7C3B77B807}.Debug|Any CPU.ActiveCfg = Debug|Any CPU
		{608B1BD2-EE0B-459A-9666-FC7C3B77B807}.Debug|Any CPU.Build.0 = Debug|Any CPU
		{608B1BD2-EE0B-459A-9666-FC7C3B77B807}.Release|Any CPU.ActiveCfg = Release|Any CPU
		{608B1BD2-EE0B-459A-9666-FC7C3B77B807}.Release|Any CPU.Build.0 = Release|Any CPU
		{FEDF2D2C-BAB2-4C44-8D9A-A5F2E585A5DC}.Debug|Any CPU.ActiveCfg = Debug|Any CPU
		{FEDF2D2C-BAB2-4C44-8D9A-A5F2E585A5DC}.Debug|Any CPU.Build.0 = Debug|Any CPU
		{FEDF2D2C-BAB2-4C44-8D9A-A5F2E585A5DC}.Release|Any CPU.ActiveCfg = Release|Any CPU
		{FEDF2D2C-BAB2-4C44-8D9A-A5F2E585A5DC}.Release|Any CPU.Build.0 = Release|Any CPU
	EndGlobalSection
	GlobalSection(SolutionProperties) = preSolution
		HideSolutionNode = FALSE
	EndGlobalSection
EndGlobal
